
Microsoft Visual Studio Solution File, Format Version 12.00
# Visual Studio Version 17
VisualStudioVersion = 17.2.32616.157
MinimumVisualStudioVersion = 10.0.40219.1
Project("{FAE04EC0-301F-11D3-BF4B-00C04F79EFBC}") = "WindowsFormsApp-AdoNet-Sql", "WindowsFormsApp1\WindowsFormsApp-AdoNet-Sql.csproj", "{63BF079B-FF96-4DFC-AE0C-AD80160C3CEC}"
EndProject
Global
	GlobalSection(SolutionConfigurationPlatforms) = preSolution
		Debug|Any CPU = Debug|Any CPU
		Release|Any CPU = Release|Any CPU
	EndGlobalSection
	GlobalSection(ProjectConfigurationPlatforms) = postSolution
		{63BF079B-FF96-4DFC-AE0C-AD80160C3CEC}.Debug|Any CPU.ActiveCfg = Debug|Any CPU
		{63BF079B-FF96-4DFC-AE0C-AD80160C3CEC}.Debug|Any CPU.Build.0 = Debug|Any CPU
		{63BF079B-FF96-4DFC-AE0C-AD80160C3CEC}.Release|Any CPU.ActiveCfg = Release|Any CPU
		{63BF079B-FF96-4DFC-AE0C-AD80160C3CEC}.Release|Any CPU.Build.0 = Release|Any CPU
	EndGlobalSection
	GlobalSection(SolutionProperties) = preSolution
		HideSolutionNode = FALSE
	EndGlobalSection
	GlobalSection(ExtensibilityGlobals) = postSolution
		SolutionGuid = {DE548ECE-F4DC-4E3D-9AE7-D40F61C5EEA3}
	EndGlobalSection
EndGlobal
